<?xml version="1.0" encoding="utf-8"?>
<Project ToolsVersion="4.0" xmlns="http://schemas.microsoft.com/developer/msbuild/2003">
  <ItemGroup>
    <Filter Include="Source">
      <UniqueIdentifier>{4FC737F1-C7A5-4376-A066-2A32D752A2FF}</UniqueIdentifier>
      <Extensions>cpp;c;cc;cxx;c++;cppm;ixx;def;odl;idl;hpj;bat;asm;asmx</Extensions>
    </Filter>
    <Filter Include="Source\AudioFormats">
      <UniqueIdentifier>{2cdc7017-16b5-4b65-b379-4385a5417439}</UniqueIdentifier>
    </Filter>
  </ItemGroup>
  <ItemGroup>
    <ClInclude Include="Source\AudioFormat.h">
      <Filter>Source</Filter>
    </ClInclude>
    <ClInclude Include="Source\AudioData.h">
      <Filter>Source</Filter>
    </ClInclude>
    <ClInclude Include="Source\AudioCommon.h">
      <Filter>Source</Filter>
    </ClInclude>
    <ClInclude Include="Source\WaveFormat.h">
      <Filter>Source\AudioFormats</Filter>
    </ClInclude>
    <ClInclude Include="Source\ByteStream.h">
      <Filter>Source</Filter>
    </ClInclude>
    <ClInclude Include="Source\AudioSink.h">
      <Filter>Source</Filter>
    </ClInclude>
    <ClInclude Include="Source\WaveForm.h">
      <Filter>Source</Filter>
    </ClInclude>
    <ClInclude Include="Source\Mutex.h">
      <Filter>Source</Filter>
    </ClInclude>
  </ItemGroup>
  <ItemGroup>
    <ClCompile Include="Source\AudioFormat.cpp">
      <Filter>Source</Filter>
    </ClCompile>
    <ClCompile Include="Source\AudioData.cpp">
      <Filter>Source</Filter>
    </ClCompile>
    <ClCompile Include="Source\WaveFormat.cpp">
      <Filter>Source\AudioFormats</Filter>
    </ClCompile>
    <ClCompile Include="Source\ByteStream.cpp">
      <Filter>Source</Filter>
    </ClCompile>
    <ClCompile Include="Source\AudioSink.cpp">
      <Filter>Source</Filter>
    </ClCompile>
    <ClCompile Include="Source\WaveForm.cpp">
      <Filter>Source</Filter>
    </ClCompile>
    <ClCompile Include="Source\Mutex.cpp">
      <Filter>Source</Filter>
    </ClCompile>
  </ItemGroup>
</Project>