<?xml version="1.0" encoding="utf-8"?>
<Project ToolsVersion="4.0" xmlns="http://schemas.microsoft.com/developer/msbuild/2003">
  <ItemGroup>
    <Filter Include="Source">
      <UniqueIdentifier>{4FC737F1-C7A5-4376-A066-2A32D752A2FF}</UniqueIdentifier>
      <Extensions>cpp;c;cc;cxx;c++;cppm;ixx;def;odl;idl;hpj;bat;asm;asmx</Extensions>
    </Filter>
    <Filter Include="Source\TrackDataTypes">
      <UniqueIdentifier>{2b44e614-b3b5-42f7-87e5-aec66d00f40a}</UniqueIdentifier>
    </Filter>
    <Filter Include="ThirdParty">
      <UniqueIdentifier>{56aee4f2-8ca1-47c4-b780-e0b4a9aa19e3}</UniqueIdentifier>
    </Filter>
    <Filter Include="ThirdParty\RtMidi">
      <UniqueIdentifier>{4ad8c5ee-83ff-4c75-b9a7-2027c8d754df}</UniqueIdentifier>
    </Filter>
  </ItemGroup>
  <ItemGroup>
    <ClInclude Include="Source\AudioToolApp.h">
      <Filter>Source</Filter>
    </ClInclude>
    <ClInclude Include="Source\AudioToolFrame.h">
      <Filter>Source</Filter>
    </ClInclude>
    <ClInclude Include="Source\TrackControl.h">
      <Filter>Source</Filter>
    </ClInclude>
    <ClInclude Include="Source\TrackData.h">
      <Filter>Source</Filter>
    </ClInclude>
    <ClInclude Include="Source\AudioTrackData.h">
      <Filter>Source\TrackDataTypes</Filter>
    </ClInclude>
    <ClInclude Include="Source\MidiTrackData.h">
      <Filter>Source\TrackDataTypes</Filter>
    </ClInclude>
    <ClInclude Include="ThirdParty\RtMidi\RtMidi.h">
      <Filter>ThirdParty\RtMidi</Filter>
    </ClInclude>
  </ItemGroup>
  <ItemGroup>
    <ClCompile Include="Source\AudioToolApp.cpp">
      <Filter>Source</Filter>
    </ClCompile>
    <ClCompile Include="Source\AudioToolFrame.cpp">
      <Filter>Source</Filter>
    </ClCompile>
    <ClCompile Include="Source\TrackControl.cpp">
      <Filter>Source</Filter>
    </ClCompile>
    <ClCompile Include="Source\TrackData.cpp">
      <Filter>Source</Filter>
    </ClCompile>
    <ClCompile Include="Source\AudioTrackData.cpp">
      <Filter>Source\TrackDataTypes</Filter>
    </ClCompile>
    <ClCompile Include="Source\MidiTrackData.cpp">
      <Filter>Source\TrackDataTypes</Filter>
    </ClCompile>
    <ClCompile Include="ThirdParty\RtMidi\RtMidi.cpp">
      <Filter>ThirdParty\RtMidi</Filter>
    </ClCompile>
  </ItemGroup>
</Project>